// !$*UTF8*$!
{
	archiveVersion = 1;
	classes = {
	};
	objectVersion = 46;
	objects = {

/* Begin PBXBuildFile section */
		5A1D27AE9504CB9608FAA6AC /* Pods_MANetChatR.framework in Frameworks */ = {isa = PBXBuildFile; fileRef = C31B5ED52E725E9C8B617982 /* Pods_MANetChatR.framework */; };
		A468EAC61EA0C920007A8391 /* NoticeViewCell.swift in Sources */ = {isa = PBXBuildFile; fileRef = A468EAC51EA0C920007A8391 /* NoticeViewCell.swift */; };
		A468EAC81EA0CC18007A8391 /* NocticesVC.swift in Sources */ = {isa = PBXBuildFile; fileRef = A468EAC71EA0CC18007A8391 /* NocticesVC.swift */; };
		A468EACD1EA0F097007A8391 /* VictimViewCell.swift in Sources */ = {isa = PBXBuildFile; fileRef = A468EACB1EA0F097007A8391 /* VictimViewCell.swift */; };
		CEB9239CC3C1269CEC237D75 /* Pods_MANetChatRUITests.framework in Frameworks */ = {isa = PBXBuildFile; fileRef = 6C8DBA2028D1D619B7E532C1 /* Pods_MANetChatRUITests.framework */; };
		F0E33C5CB31286CB7C769653 /* Pods_MANetChatRTests.framework in Frameworks */ = {isa = PBXBuildFile; fileRef = AB86B4C2F5075A51B36A8335 /* Pods_MANetChatRTests.framework */; };
		F919516E1E6DD7CD00871D8E /* TabBarC.swift in Sources */ = {isa = PBXBuildFile; fileRef = F919516D1E6DD7CD00871D8E /* TabBarC.swift */; };
		F91951721E6DD84900871D8E /* SettingVC.swift in Sources */ = {isa = PBXBuildFile; fileRef = F91951711E6DD84900871D8E /* SettingVC.swift */; };
		F91951741E6DD85D00871D8E /* NotiMapVC.swift in Sources */ = {isa = PBXBuildFile; fileRef = F91951731E6DD85D00871D8E /* NotiMapVC.swift */; };
		F91951771E6DD8E800871D8E /* AlertVC.swift in Sources */ = {isa = PBXBuildFile; fileRef = F91951761E6DD8E800871D8E /* AlertVC.swift */; };
		F9EA52A51E6DC7C300F8EBC6 /* AppDelegate.swift in Sources */ = {isa = PBXBuildFile; fileRef = F9EA52A41E6DC7C300F8EBC6 /* AppDelegate.swift */; };
		F9EA52AA1E6DC7C300F8EBC6 /* Main.storyboard in Resources */ = {isa = PBXBuildFile; fileRef = F9EA52A81E6DC7C300F8EBC6 /* Main.storyboard */; };
		F9EA52AD1E6DC7C300F8EBC6 /* MANetChatR.xcdatamodeld in Sources */ = {isa = PBXBuildFile; fileRef = F9EA52AB1E6DC7C300F8EBC6 /* MANetChatR.xcdatamodeld */; };
		F9EA52AF1E6DC7C300F8EBC6 /* Assets.xcassets in Resources */ = {isa = PBXBuildFile; fileRef = F9EA52AE1E6DC7C300F8EBC6 /* Assets.xcassets */; };
		F9EA52B21E6DC7C300F8EBC6 /* LaunchScreen.storyboard in Resources */ = {isa = PBXBuildFile; fileRef = F9EA52B01E6DC7C300F8EBC6 /* LaunchScreen.storyboard */; };
		F9EA52BD1E6DC7C500F8EBC6 /* MANetChatRTests.swift in Sources */ = {isa = PBXBuildFile; fileRef = F9EA52BC1E6DC7C500F8EBC6 /* MANetChatRTests.swift */; };
		F9EA52C81E6DC7C500F8EBC6 /* MANetChatRUITests.swift in Sources */ = {isa = PBXBuildFile; fileRef = F9EA52C71E6DC7C500F8EBC6 /* MANetChatRUITests.swift */; };
		F9EA52DE1E6DCB8600F8EBC6 /* TextDetailDelegate.swift in Sources */ = {isa = PBXBuildFile; fileRef = F9EA52DD1E6DCB8600F8EBC6 /* TextDetailDelegate.swift */; };
		F9EA52E01E6DCBC200F8EBC6 /* PinAnnotation.swift in Sources */ = {isa = PBXBuildFile; fileRef = F9EA52DF1E6DCBC200F8EBC6 /* PinAnnotation.swift */; };
		F9EA52E21E6DCBFA00F8EBC6 /* Pin.swift in Sources */ = {isa = PBXBuildFile; fileRef = F9EA52E11E6DCBFA00F8EBC6 /* Pin.swift */; };
		F9EA52E41E6DCC1A00F8EBC6 /* Victim.swift in Sources */ = {isa = PBXBuildFile; fileRef = F9EA52E31E6DCC1A00F8EBC6 /* Victim.swift */; };
		F9EA52E61E6DCDE000F8EBC6 /* GoogleService-Info.plist in Resources */ = {isa = PBXBuildFile; fileRef = F9EA52E51E6DCDE000F8EBC6 /* GoogleService-Info.plist */; };
		F9EA52E81E6DD46200F8EBC6 /* LoginVC.swift in Sources */ = {isa = PBXBuildFile; fileRef = F9EA52E71E6DD46200F8EBC6 /* LoginVC.swift */; };
		F9EA52EA1E6DD4E500F8EBC6 /* AddNoticeVC.swift in Sources */ = {isa = PBXBuildFile; fileRef = F9EA52E91E6DD4E500F8EBC6 /* AddNoticeVC.swift */; };
		F9EA52EC1E6DD51B00F8EBC6 /* NoticeDetailVC.swift in Sources */ = {isa = PBXBuildFile; fileRef = F9EA52EB1E6DD51B00F8EBC6 /* NoticeDetailVC.swift */; };
/* End PBXBuildFile section */

/* Begin PBXContainerItemProxy section */
		F9EA52B91E6DC7C500F8EBC6 /* PBXContainerItemProxy */ = {
			isa = PBXContainerItemProxy;
			containerPortal = F9EA52991E6DC7C300F8EBC6 /* Project object */;
			proxyType = 1;
			remoteGlobalIDString = F9EA52A01E6DC7C300F8EBC6;
			remoteInfo = MANetChatR;
		};
		F9EA52C41E6DC7C500F8EBC6 /* PBXContainerItemProxy */ = {
			isa = PBXContainerItemProxy;
			containerPortal = F9EA52991E6DC7C300F8EBC6 /* Project object */;
			proxyType = 1;
			remoteGlobalIDString = F9EA52A01E6DC7C300F8EBC6;
			remoteInfo = MANetChatR;
		};
/* End PBXContainerItemProxy section */

/* Begin PBXFileReference section */
		45909984840F0B2398B8269A /* Pods-MANetChatRUITests.release.xcconfig */ = {isa = PBXFileReference; includeInIndex = 1; lastKnownFileType = text.xcconfig; name = "Pods-MANetChatRUITests.release.xcconfig"; path = "Pods/Target Support Files/Pods-MANetChatRUITests/Pods-MANetChatRUITests.release.xcconfig"; sourceTree = "<group>"; };
		49375612BB16D9675EBA7270 /* Pods-MANetChatRTests.debug.xcconfig */ = {isa = PBXFileReference; includeInIndex = 1; lastKnownFileType = text.xcconfig; name = "Pods-MANetChatRTests.debug.xcconfig"; path = "Pods/Target Support Files/Pods-MANetChatRTests/Pods-MANetChatRTests.debug.xcconfig"; sourceTree = "<group>"; };
		652BC5F48354D63DC66602D5 /* Pods-MANetChatR.release.xcconfig */ = {isa = PBXFileReference; includeInIndex = 1; lastKnownFileType = text.xcconfig; name = "Pods-MANetChatR.release.xcconfig"; path = "Pods/Target Support Files/Pods-MANetChatR/Pods-MANetChatR.release.xcconfig"; sourceTree = "<group>"; };
		6C8DBA2028D1D619B7E532C1 /* Pods_MANetChatRUITests.framework */ = {isa = PBXFileReference; explicitFileType = wrapper.framework; includeInIndex = 0; path = Pods_MANetChatRUITests.framework; sourceTree = BUILT_PRODUCTS_DIR; };
		A468EAC51EA0C920007A8391 /* NoticeViewCell.swift */ = {isa = PBXFileReference; fileEncoding = 4; lastKnownFileType = sourcecode.swift; path = NoticeViewCell.swift; sourceTree = "<group>"; };
		A468EAC71EA0CC18007A8391 /* NocticesVC.swift */ = {isa = PBXFileReference; fileEncoding = 4; lastKnownFileType = sourcecode.swift; path = NocticesVC.swift; sourceTree = "<group>"; };
		A468EACB1EA0F097007A8391 /* VictimViewCell.swift */ = {isa = PBXFileReference; fileEncoding = 4; lastKnownFileType = sourcecode.swift; path = VictimViewCell.swift; sourceTree = "<group>"; };
		AAD6D3CD92CC75C5AC2AEB5C /* Pods-MANetChatRTests.release.xcconfig */ = {isa = PBXFileReference; includeInIndex = 1; lastKnownFileType = text.xcconfig; name = "Pods-MANetChatRTests.release.xcconfig"; path = "Pods/Target Support Files/Pods-MANetChatRTests/Pods-MANetChatRTests.release.xcconfig"; sourceTree = "<group>"; };
		AB86B4C2F5075A51B36A8335 /* Pods_MANetChatRTests.framework */ = {isa = PBXFileReference; explicitFileType = wrapper.framework; includeInIndex = 0; path = Pods_MANetChatRTests.framework; sourceTree = BUILT_PRODUCTS_DIR; };
		AB92683275F69FF8F9211716 /* Pods-MANetChatRUITests.debug.xcconfig */ = {isa = PBXFileReference; includeInIndex = 1; lastKnownFileType = text.xcconfig; name = "Pods-MANetChatRUITests.debug.xcconfig"; path = "Pods/Target Support Files/Pods-MANetChatRUITests/Pods-MANetChatRUITests.debug.xcconfig"; sourceTree = "<group>"; };
		C31B5ED52E725E9C8B617982 /* Pods_MANetChatR.framework */ = {isa = PBXFileReference; explicitFileType = wrapper.framework; includeInIndex = 0; path = Pods_MANetChatR.framework; sourceTree = BUILT_PRODUCTS_DIR; };
		C575DDC62229DE491C625F83 /* Pods-MANetChatR.debug.xcconfig */ = {isa = PBXFileReference; includeInIndex = 1; lastKnownFileType = text.xcconfig; name = "Pods-MANetChatR.debug.xcconfig"; path = "Pods/Target Support Files/Pods-MANetChatR/Pods-MANetChatR.debug.xcconfig"; sourceTree = "<group>"; };
		F919516D1E6DD7CD00871D8E /* TabBarC.swift */ = {isa = PBXFileReference; fileEncoding = 4; lastKnownFileType = sourcecode.swift; path = TabBarC.swift; sourceTree = "<group>"; };
		F91951711E6DD84900871D8E /* SettingVC.swift */ = {isa = PBXFileReference; fileEncoding = 4; lastKnownFileType = sourcecode.swift; path = SettingVC.swift; sourceTree = "<group>"; };
		F91951731E6DD85D00871D8E /* NotiMapVC.swift */ = {isa = PBXFileReference; fileEncoding = 4; lastKnownFileType = sourcecode.swift; path = NotiMapVC.swift; sourceTree = "<group>"; };
		F91951761E6DD8E800871D8E /* AlertVC.swift */ = {isa = PBXFileReference; fileEncoding = 4; lastKnownFileType = sourcecode.swift; path = AlertVC.swift; sourceTree = "<group>"; };
		F91951781E6DD91D00871D8E /* MANetChatR-Bridging-Header.h */ = {isa = PBXFileReference; lastKnownFileType = sourcecode.c.h; path = "MANetChatR-Bridging-Header.h"; sourceTree = "<group>"; };
		F9EA52A11E6DC7C300F8EBC6 /* MANetChatR.app */ = {isa = PBXFileReference; explicitFileType = wrapper.application; includeInIndex = 0; path = MANetChatR.app; sourceTree = BUILT_PRODUCTS_DIR; };
		F9EA52A41E6DC7C300F8EBC6 /* AppDelegate.swift */ = {isa = PBXFileReference; lastKnownFileType = sourcecode.swift; path = AppDelegate.swift; sourceTree = "<group>"; };
		F9EA52A91E6DC7C300F8EBC6 /* Base */ = {isa = PBXFileReference; lastKnownFileType = file.storyboard; name = Base; path = Base.lproj/Main.storyboard; sourceTree = "<group>"; };
		F9EA52AC1E6DC7C300F8EBC6 /* MANetChatR.xcdatamodel */ = {isa = PBXFileReference; lastKnownFileType = wrapper.xcdatamodel; path = MANetChatR.xcdatamodel; sourceTree = "<group>"; };
		F9EA52AE1E6DC7C300F8EBC6 /* Assets.xcassets */ = {isa = PBXFileReference; lastKnownFileType = folder.assetcatalog; path = Assets.xcassets; sourceTree = "<group>"; };
		F9EA52B11E6DC7C300F8EBC6 /* Base */ = {isa = PBXFileReference; lastKnownFileType = file.storyboard; name = Base; path = Base.lproj/LaunchScreen.storyboard; sourceTree = "<group>"; };
		F9EA52B31E6DC7C300F8EBC6 /* Info.plist */ = {isa = PBXFileReference; lastKnownFileType = text.plist.xml; path = Info.plist; sourceTree = "<group>"; };
		F9EA52B81E6DC7C500F8EBC6 /* MANetChatRTests.xctest */ = {isa = PBXFileReference; explicitFileType = wrapper.cfbundle; includeInIndex = 0; path = MANetChatRTests.xctest; sourceTree = BUILT_PRODUCTS_DIR; };
		F9EA52BC1E6DC7C500F8EBC6 /* MANetChatRTests.swift */ = {isa = PBXFileReference; lastKnownFileType = sourcecode.swift; path = MANetChatRTests.swift; sourceTree = "<group>"; };
		F9EA52BE1E6DC7C500F8EBC6 /* Info.plist */ = {isa = PBXFileReference; lastKnownFileType = text.plist.xml; path = Info.plist; sourceTree = "<group>"; };
		F9EA52C31E6DC7C500F8EBC6 /* MANetChatRUITests.xctest */ = {isa = PBXFileReference; explicitFileType = wrapper.cfbundle; includeInIndex = 0; path = MANetChatRUITests.xctest; sourceTree = BUILT_PRODUCTS_DIR; };
		F9EA52C71E6DC7C500F8EBC6 /* MANetChatRUITests.swift */ = {isa = PBXFileReference; lastKnownFileType = sourcecode.swift; path = MANetChatRUITests.swift; sourceTree = "<group>"; };
		F9EA52C91E6DC7C500F8EBC6 /* Info.plist */ = {isa = PBXFileReference; lastKnownFileType = text.plist.xml; path = Info.plist; sourceTree = "<group>"; };
		F9EA52DD1E6DCB8600F8EBC6 /* TextDetailDelegate.swift */ = {isa = PBXFileReference; fileEncoding = 4; lastKnownFileType = sourcecode.swift; path = TextDetailDelegate.swift; sourceTree = "<group>"; };
		F9EA52DF1E6DCBC200F8EBC6 /* PinAnnotation.swift */ = {isa = PBXFileReference; fileEncoding = 4; lastKnownFileType = sourcecode.swift; path = PinAnnotation.swift; sourceTree = "<group>"; };
		F9EA52E11E6DCBFA00F8EBC6 /* Pin.swift */ = {isa = PBXFileReference; fileEncoding = 4; lastKnownFileType = sourcecode.swift; path = Pin.swift; sourceTree = "<group>"; };
		F9EA52E31E6DCC1A00F8EBC6 /* Victim.swift */ = {isa = PBXFileReference; fileEncoding = 4; lastKnownFileType = sourcecode.swift; path = Victim.swift; sourceTree = "<group>"; };
		F9EA52E51E6DCDE000F8EBC6 /* GoogleService-Info.plist */ = {isa = PBXFileReference; fileEncoding = 4; lastKnownFileType = text.plist.xml; name = "GoogleService-Info.plist"; path = "../GoogleService-Info.plist"; sourceTree = "<group>"; };
		F9EA52E71E6DD46200F8EBC6 /* LoginVC.swift */ = {isa = PBXFileReference; fileEncoding = 4; lastKnownFileType = sourcecode.swift; path = LoginVC.swift; sourceTree = "<group>"; };
		F9EA52E91E6DD4E500F8EBC6 /* AddNoticeVC.swift */ = {isa = PBXFileReference; fileEncoding = 4; lastKnownFileType = sourcecode.swift; path = AddNoticeVC.swift; sourceTree = "<group>"; };
		F9EA52EB1E6DD51B00F8EBC6 /* NoticeDetailVC.swift */ = {isa = PBXFileReference; fileEncoding = 4; lastKnownFileType = sourcecode.swift; path = NoticeDetailVC.swift; sourceTree = "<group>"; };
/* End PBXFileReference section */

/* Begin PBXFrameworksBuildPhase section */
		F9EA529E1E6DC7C300F8EBC6 /* Frameworks */ = {
			isa = PBXFrameworksBuildPhase;
			buildActionMask = 2147483647;
			files = (
				5A1D27AE9504CB9608FAA6AC /* Pods_MANetChatR.framework in Frameworks */,
			);
			runOnlyForDeploymentPostprocessing = 0;
		};
		F9EA52B51E6DC7C500F8EBC6 /* Frameworks */ = {
			isa = PBXFrameworksBuildPhase;
			buildActionMask = 2147483647;
			files = (
				F0E33C5CB31286CB7C769653 /* Pods_MANetChatRTests.framework in Frameworks */,
			);
			runOnlyForDeploymentPostprocessing = 0;
		};
		F9EA52C01E6DC7C500F8EBC6 /* Frameworks */ = {
			isa = PBXFrameworksBuildPhase;
			buildActionMask = 2147483647;
			files = (
				CEB9239CC3C1269CEC237D75 /* Pods_MANetChatRUITests.framework in Frameworks */,
			);
			runOnlyForDeploymentPostprocessing = 0;
		};
/* End PBXFrameworksBuildPhase section */

/* Begin PBXGroup section */
		4E3F0530794BE1D884D0A8A8 /* Frameworks */ = {
			isa = PBXGroup;
			children = (
				C31B5ED52E725E9C8B617982 /* Pods_MANetChatR.framework */,
				AB86B4C2F5075A51B36A8335 /* Pods_MANetChatRTests.framework */,
				6C8DBA2028D1D619B7E532C1 /* Pods_MANetChatRUITests.framework */,
			);
			name = Frameworks;
			sourceTree = "<group>";
		};
		5828CED75E7C4F564117C1E1 /* Pods */ = {
			isa = PBXGroup;
			children = (
				C575DDC62229DE491C625F83 /* Pods-MANetChatR.debug.xcconfig */,
				652BC5F48354D63DC66602D5 /* Pods-MANetChatR.release.xcconfig */,
				49375612BB16D9675EBA7270 /* Pods-MANetChatRTests.debug.xcconfig */,
				AAD6D3CD92CC75C5AC2AEB5C /* Pods-MANetChatRTests.release.xcconfig */,
				AB92683275F69FF8F9211716 /* Pods-MANetChatRUITests.debug.xcconfig */,
				45909984840F0B2398B8269A /* Pods-MANetChatRUITests.release.xcconfig */,
			);
			name = Pods;
			sourceTree = "<group>";
		};
		F919517B1E6DD99200871D8E /* Settings */ = {
			isa = PBXGroup;
			children = (
				F9EA52A41E6DC7C300F8EBC6 /* AppDelegate.swift */,
				F9EA52AE1E6DC7C300F8EBC6 /* Assets.xcassets */,
				F9EA52B01E6DC7C300F8EBC6 /* LaunchScreen.storyboard */,
				F9EA52B31E6DC7C300F8EBC6 /* Info.plist */,
				F9EA52AB1E6DC7C300F8EBC6 /* MANetChatR.xcdatamodeld */,
				F9EA52E51E6DCDE000F8EBC6 /* GoogleService-Info.plist */,
				F91951781E6DD91D00871D8E /* MANetChatR-Bridging-Header.h */,
			);
			name = Settings;
			sourceTree = "<group>";
		};
		F9EA52981E6DC7C200F8EBC6 = {
			isa = PBXGroup;
			children = (
				F9EA52A31E6DC7C300F8EBC6 /* MANetChatR */,
				F9EA52BB1E6DC7C500F8EBC6 /* MANetChatRTests */,
				F9EA52C61E6DC7C500F8EBC6 /* MANetChatRUITests */,
				F9EA52A21E6DC7C300F8EBC6 /* Products */,
				5828CED75E7C4F564117C1E1 /* Pods */,
				4E3F0530794BE1D884D0A8A8 /* Frameworks */,
			);
			sourceTree = "<group>";
		};
		F9EA52A21E6DC7C300F8EBC6 /* Products */ = {
			isa = PBXGroup;
			children = (
				F9EA52A11E6DC7C300F8EBC6 /* MANetChatR.app */,
				F9EA52B81E6DC7C500F8EBC6 /* MANetChatRTests.xctest */,
				F9EA52C31E6DC7C500F8EBC6 /* MANetChatRUITests.xctest */,
			);
			name = Products;
			sourceTree = "<group>";
		};
		F9EA52A31E6DC7C300F8EBC6 /* MANetChatR */ = {
			isa = PBXGroup;
			children = (
				F9EA52A81E6DC7C300F8EBC6 /* Main.storyboard */,
				F9EA52D81E6DCA3700F8EBC6 /* Controllers */,
				F9EA52D71E6DCA3200F8EBC6 /* Models */,
				F9EA52D61E6DCA2C00F8EBC6 /* Delegates */,
				F9EA52D51E6DCA1C00F8EBC6 /* Cells */,
				F919517B1E6DD99200871D8E /* Settings */,
			);
			path = MANetChatR;
			sourceTree = "<group>";
		};
		F9EA52BB1E6DC7C500F8EBC6 /* MANetChatRTests */ = {
			isa = PBXGroup;
			children = (
				F9EA52BC1E6DC7C500F8EBC6 /* MANetChatRTests.swift */,
				F9EA52BE1E6DC7C500F8EBC6 /* Info.plist */,
			);
			path = MANetChatRTests;
			sourceTree = "<group>";
		};
		F9EA52C61E6DC7C500F8EBC6 /* MANetChatRUITests */ = {
			isa = PBXGroup;
			children = (
				F9EA52C71E6DC7C500F8EBC6 /* MANetChatRUITests.swift */,
				F9EA52C91E6DC7C500F8EBC6 /* Info.plist */,
			);
			path = MANetChatRUITests;
			sourceTree = "<group>";
		};
		F9EA52D51E6DCA1C00F8EBC6 /* Cells */ = {
			isa = PBXGroup;
			children = (
				A468EAC51EA0C920007A8391 /* NoticeViewCell.swift */,
				A468EACB1EA0F097007A8391 /* VictimViewCell.swift */,
			);
			name = Cells;
			sourceTree = "<group>";
		};
		F9EA52D61E6DCA2C00F8EBC6 /* Delegates */ = {
			isa = PBXGroup;
			children = (
				F9EA52DD1E6DCB8600F8EBC6 /* TextDetailDelegate.swift */,
			);
			name = Delegates;
			sourceTree = "<group>";
		};
		F9EA52D71E6DCA3200F8EBC6 /* Models */ = {
			isa = PBXGroup;
			children = (
				F9EA52DF1E6DCBC200F8EBC6 /* PinAnnotation.swift */,
				F9EA52E11E6DCBFA00F8EBC6 /* Pin.swift */,
				F9EA52E31E6DCC1A00F8EBC6 /* Victim.swift */,
			);
			name = Models;
			sourceTree = "<group>";
		};
		F9EA52D81E6DCA3700F8EBC6 /* Controllers */ = {
			isa = PBXGroup;
			children = (
				F9EA52E71E6DD46200F8EBC6 /* LoginVC.swift */,
				F9EA52E91E6DD4E500F8EBC6 /* AddNoticeVC.swift */,
				F9EA52EB1E6DD51B00F8EBC6 /* NoticeDetailVC.swift */,
				F919516D1E6DD7CD00871D8E /* TabBarC.swift */,
				A468EAC71EA0CC18007A8391 /* NocticesVC.swift */,
				F91951761E6DD8E800871D8E /* AlertVC.swift */,
				F91951711E6DD84900871D8E /* SettingVC.swift */,
				F91951731E6DD85D00871D8E /* NotiMapVC.swift */,
			);
			name = Controllers;
			sourceTree = "<group>";
		};
/* End PBXGroup section */

/* Begin PBXNativeTarget section */
		F9EA52A01E6DC7C300F8EBC6 /* MANetChatR */ = {
			isa = PBXNativeTarget;
			buildConfigurationList = F9EA52CC1E6DC7C500F8EBC6 /* Build configuration list for PBXNativeTarget "MANetChatR" */;
			buildPhases = (
				97EFA01F8CA3456A3E16F3D0 /* [CP] Check Pods Manifest.lock */,
				F9EA529D1E6DC7C300F8EBC6 /* Sources */,
				F9EA529E1E6DC7C300F8EBC6 /* Frameworks */,
				F9EA529F1E6DC7C300F8EBC6 /* Resources */,
				BE47C5C53DE84741CB7DD007 /* [CP] Embed Pods Frameworks */,
				8FD9AEFC79A19F07A3E31EE0 /* [CP] Copy Pods Resources */,
			);
			buildRules = (
			);
			dependencies = (
			);
			name = MANetChatR;
			productName = MANetChatR;
			productReference = F9EA52A11E6DC7C300F8EBC6 /* MANetChatR.app */;
			productType = "com.apple.product-type.application";
		};
		F9EA52B71E6DC7C500F8EBC6 /* MANetChatRTests */ = {
			isa = PBXNativeTarget;
			buildConfigurationList = F9EA52CF1E6DC7C500F8EBC6 /* Build configuration list for PBXNativeTarget "MANetChatRTests" */;
			buildPhases = (
				2DC344F454E7983A61D97DCB /* [CP] Check Pods Manifest.lock */,
				F9EA52B41E6DC7C500F8EBC6 /* Sources */,
				F9EA52B51E6DC7C500F8EBC6 /* Frameworks */,
				F9EA52B61E6DC7C500F8EBC6 /* Resources */,
				70125B3E84731C442354BE18 /* [CP] Embed Pods Frameworks */,
				FE29910BD9829A0C8BFA22D6 /* [CP] Copy Pods Resources */,
			);
			buildRules = (
			);
			dependencies = (
				F9EA52BA1E6DC7C500F8EBC6 /* PBXTargetDependency */,
			);
			name = MANetChatRTests;
			productName = MANetChatRTests;
			productReference = F9EA52B81E6DC7C500F8EBC6 /* MANetChatRTests.xctest */;
			productType = "com.apple.product-type.bundle.unit-test";
		};
		F9EA52C21E6DC7C500F8EBC6 /* MANetChatRUITests */ = {
			isa = PBXNativeTarget;
			buildConfigurationList = F9EA52D21E6DC7C500F8EBC6 /* Build configuration list for PBXNativeTarget "MANetChatRUITests" */;
			buildPhases = (
				9A8A15244D8E6601702FCB33 /* [CP] Check Pods Manifest.lock */,
				F9EA52BF1E6DC7C500F8EBC6 /* Sources */,
				F9EA52C01E6DC7C500F8EBC6 /* Frameworks */,
				F9EA52C11E6DC7C500F8EBC6 /* Resources */,
				F6AE66F8A1B00D52049D6467 /* [CP] Embed Pods Frameworks */,
				61BC598D9C76714F41999095 /* [CP] Copy Pods Resources */,
			);
			buildRules = (
			);
			dependencies = (
				F9EA52C51E6DC7C500F8EBC6 /* PBXTargetDependency */,
			);
			name = MANetChatRUITests;
			productName = MANetChatRUITests;
			productReference = F9EA52C31E6DC7C500F8EBC6 /* MANetChatRUITests.xctest */;
			productType = "com.apple.product-type.bundle.ui-testing";
		};
/* End PBXNativeTarget section */

/* Begin PBXProject section */
		F9EA52991E6DC7C300F8EBC6 /* Project object */ = {
			isa = PBXProject;
			attributes = {
				LastSwiftUpdateCheck = 0820;
				LastUpgradeCheck = 0820;
				ORGANIZATIONNAME = kolathee;
				TargetAttributes = {
					F9EA52A01E6DC7C300F8EBC6 = {
						CreatedOnToolsVersion = 8.2.1;
						DevelopmentTeam = DZ3FYPCUHX;
						LastSwiftMigration = 0820;
						ProvisioningStyle = Automatic;
					};
					F9EA52B71E6DC7C500F8EBC6 = {
						CreatedOnToolsVersion = 8.2.1;
						DevelopmentTeam = DZ3FYPCUHX;
						ProvisioningStyle = Automatic;
						TestTargetID = F9EA52A01E6DC7C300F8EBC6;
					};
					F9EA52C21E6DC7C500F8EBC6 = {
						CreatedOnToolsVersion = 8.2.1;
						DevelopmentTeam = DZ3FYPCUHX;
						ProvisioningStyle = Automatic;
						TestTargetID = F9EA52A01E6DC7C300F8EBC6;
					};
				};
			};
			buildConfigurationList = F9EA529C1E6DC7C300F8EBC6 /* Build configuration list for PBXProject "MANetChatR" */;
			compatibilityVersion = "Xcode 3.2";
			developmentRegion = English;
			hasScannedForEncodings = 0;
			knownRegions = (
				en,
				Base,
			);
			mainGroup = F9EA52981E6DC7C200F8EBC6;
			productRefGroup = F9EA52A21E6DC7C300F8EBC6 /* Products */;
			projectDirPath = "";
			projectRoot = "";
			targets = (
				F9EA52A01E6DC7C300F8EBC6 /* MANetChatR */,
				F9EA52B71E6DC7C500F8EBC6 /* MANetChatRTests */,
				F9EA52C21E6DC7C500F8EBC6 /* MANetChatRUITests */,
			);
		};
/* End PBXProject section */

/* Begin PBXResourcesBuildPhase section */
		F9EA529F1E6DC7C300F8EBC6 /* Resources */ = {
			isa = PBXResourcesBuildPhase;
			buildActionMask = 2147483647;
			files = (
				F9EA52B21E6DC7C300F8EBC6 /* LaunchScreen.storyboard in Resources */,
				F9EA52E61E6DCDE000F8EBC6 /* GoogleService-Info.plist in Resources */,
				F9EA52AF1E6DC7C300F8EBC6 /* Assets.xcassets in Resources */,
				F9EA52AA1E6DC7C300F8EBC6 /* Main.storyboard in Resources */,
			);
			runOnlyForDeploymentPostprocessing = 0;
		};
		F9EA52B61E6DC7C500F8EBC6 /* Resources */ = {
			isa = PBXResourcesBuildPhase;
			buildActionMask = 2147483647;
			files = (
			);
			runOnlyForDeploymentPostprocessing = 0;
		};
		F9EA52C11E6DC7C500F8EBC6 /* Resources */ = {
			isa = PBXResourcesBuildPhase;
			buildActionMask = 2147483647;
			files = (
			);
			runOnlyForDeploymentPostprocessing = 0;
		};
/* End PBXResourcesBuildPhase section */

/* Begin PBXShellScriptBuildPhase section */
		2DC344F454E7983A61D97DCB /* [CP] Check Pods Manifest.lock */ = {
			isa = PBXShellScriptBuildPhase;
			buildActionMask = 2147483647;
			files = (
			);
			inputPaths = (
			);
			name = "[CP] Check Pods Manifest.lock";
			outputPaths = (
			);
			runOnlyForDeploymentPostprocessing = 0;
			shellPath = /bin/sh;
			shellScript = "diff \"${PODS_ROOT}/../Podfile.lock\" \"${PODS_ROOT}/Manifest.lock\" > /dev/null\nif [ $? != 0 ] ; then\n    # print error to STDERR\n    echo \"error: The sandbox is not in sync with the Podfile.lock. Run 'pod install' or update your CocoaPods installation.\" >&2\n    exit 1\nfi\n";
			showEnvVarsInLog = 0;
		};
		61BC598D9C76714F41999095 /* [CP] Copy Pods Resources */ = {
			isa = PBXShellScriptBuildPhase;
			buildActionMask = 2147483647;
			files = (
			);
			inputPaths = (
			);
			name = "[CP] Copy Pods Resources";
			outputPaths = (
			);
			runOnlyForDeploymentPostprocessing = 0;
			shellPath = /bin/sh;
			shellScript = "\"${SRCROOT}/Pods/Target Support Files/Pods-MANetChatRUITests/Pods-MANetChatRUITests-resources.sh\"\n";
			showEnvVarsInLog = 0;
		};
		70125B3E84731C442354BE18 /* [CP] Embed Pods Frameworks */ = {
			isa = PBXShellScriptBuildPhase;
			buildActionMask = 2147483647;
			files = (
			);
			inputPaths = (
			);
			name = "[CP] Embed Pods Frameworks";
			outputPaths = (
			);
			runOnlyForDeploymentPostprocessing = 0;
			shellPath = /bin/sh;
			shellScript = "\"${SRCROOT}/Pods/Target Support Files/Pods-MANetChatRTests/Pods-MANetChatRTests-frameworks.sh\"\n";
			showEnvVarsInLog = 0;
		};
		8FD9AEFC79A19F07A3E31EE0 /* [CP] Copy Pods Resources */ = {
			isa = PBXShellScriptBuildPhase;
			buildActionMask = 2147483647;
			files = (
			);
			inputPaths = (
			);
			name = "[CP] Copy Pods Resources";
			outputPaths = (
			);
			runOnlyForDeploymentPostprocessing = 0;
			shellPath = /bin/sh;
			shellScript = "\"${SRCROOT}/Pods/Target Support Files/Pods-MANetChatR/Pods-MANetChatR-resources.sh\"\n";
			showEnvVarsInLog = 0;
		};
		97EFA01F8CA3456A3E16F3D0 /* [CP] Check Pods Manifest.lock */ = {
			isa = PBXShellScriptBuildPhase;
			buildActionMask = 2147483647;
			files = (
			);
			inputPaths = (
			);
			name = "[CP] Check Pods Manifest.lock";
			outputPaths = (
			);
			runOnlyForDeploymentPostprocessing = 0;
			shellPath = /bin/sh;
			shellScript = "diff \"${PODS_ROOT}/../Podfile.lock\" \"${PODS_ROOT}/Manifest.lock\" > /dev/null\nif [ $? != 0 ] ; then\n    # print error to STDERR\n    echo \"error: The sandbox is not in sync with the Podfile.lock. Run 'pod install' or update your CocoaPods installation.\" >&2\n    exit 1\nfi\n";
			showEnvVarsInLog = 0;
		};
		9A8A15244D8E6601702FCB33 /* [CP] Check Pods Manifest.lock */ = {
			isa = PBXShellScriptBuildPhase;
			buildActionMask = 2147483647;
			files = (
			);
			inputPaths = (
			);
			name = "[CP] Check Pods Manifest.lock";
			outputPaths = (
			);
			runOnlyForDeploymentPostprocessing = 0;
			shellPath = /bin/sh;
			shellScript = "diff \"${PODS_ROOT}/../Podfile.lock\" \"${PODS_ROOT}/Manifest.lock\" > /dev/null\nif [ $? != 0 ] ; then\n    # print error to STDERR\n    echo \"error: The sandbox is not in sync with the Podfile.lock. Run 'pod install' or update your CocoaPods installation.\" >&2\n    exit 1\nfi\n";
			showEnvVarsInLog = 0;
		};
		BE47C5C53DE84741CB7DD007 /* [CP] Embed Pods Frameworks */ = {
			isa = PBXShellScriptBuildPhase;
			buildActionMask = 2147483647;
			files = (
			);
			inputPaths = (
			);
			name = "[CP] Embed Pods Frameworks";
			outputPaths = (
			);
			runOnlyForDeploymentPostprocessing = 0;
			shellPath = /bin/sh;
			shellScript = "\"${SRCROOT}/Pods/Target Support Files/Pods-MANetChatR/Pods-MANetChatR-frameworks.sh\"\n";
			showEnvVarsInLog = 0;
		};
		F6AE66F8A1B00D52049D6467 /* [CP] Embed Pods Frameworks */ = {
			isa = PBXShellScriptBuildPhase;
			buildActionMask = 2147483647;
			files = (
			);
			inputPaths = (
			);
			name = "[CP] Embed Pods Frameworks";
			outputPaths = (
			);
			runOnlyForDeploymentPostprocessing = 0;
			shellPath = /bin/sh;
			shellScript = "\"${SRCROOT}/Pods/Target Support Files/Pods-MANetChatRUITests/Pods-MANetChatRUITests-frameworks.sh\"\n";
			showEnvVarsInLog = 0;
		};
		FE29910BD9829A0C8BFA22D6 /* [CP] Copy Pods Resources */ = {
			isa = PBXShellScriptBuildPhase;
			buildActionMask = 2147483647;
			files = (
			);
			inputPaths = (
			);
			name = "[CP] Copy Pods Resources";
			outputPaths = (
			);
			runOnlyForDeploymentPostprocessing = 0;
			shellPath = /bin/sh;
			shellScript = "\"${SRCROOT}/Pods/Target Support Files/Pods-MANetChatRTests/Pods-MANetChatRTests-resources.sh\"\n";
			showEnvVarsInLog = 0;
		};
/* End PBXShellScriptBuildPhase section */

/* Begin PBXSourcesBuildPhase section */
		F9EA529D1E6DC7C300F8EBC6 /* Sources */ = {
			isa = PBXSourcesBuildPhase;
			buildActionMask = 2147483647;
			files = (
				F9EA52EC1E6DD51B00F8EBC6 /* NoticeDetailVC.swift in Sources */,
				F91951721E6DD84900871D8E /* SettingVC.swift in Sources */,
				F9EA52E21E6DCBFA00F8EBC6 /* Pin.swift in Sources */,
				F9EA52AD1E6DC7C300F8EBC6 /* MANetChatR.xcdatamodeld in Sources */,
				F9EA52E41E6DCC1A00F8EBC6 /* Victim.swift in Sources */,
				F9EA52EA1E6DD4E500F8EBC6 /* AddNoticeVC.swift in Sources */,
				A468EACD1EA0F097007A8391 /* VictimViewCell.swift in Sources */,
				F919516E1E6DD7CD00871D8E /* TabBarC.swift in Sources */,
				F91951771E6DD8E800871D8E /* AlertVC.swift in Sources */,
				F9EA52E81E6DD46200F8EBC6 /* LoginVC.swift in Sources */,
				F9EA52A51E6DC7C300F8EBC6 /* AppDelegate.swift in Sources */,
				F9EA52E01E6DCBC200F8EBC6 /* PinAnnotation.swift in Sources */,
				A468EAC61EA0C920007A8391 /* NoticeViewCell.swift in Sources */,
				F91951741E6DD85D00871D8E /* NotiMapVC.swift in Sources */,
				A468EAC81EA0CC18007A8391 /* NocticesVC.swift in Sources */,
				F9EA52DE1E6DCB8600F8EBC6 /* TextDetailDelegate.swift in Sources */,
			);
			runOnlyForDeploymentPostprocessing = 0;
		};
		F9EA52B41E6DC7C500F8EBC6 /* Sources */ = {
			isa = PBXSourcesBuildPhase;
			buildActionMask = 2147483647;
			files = (
				F9EA52BD1E6DC7C500F8EBC6 /* MANetChatRTests.swift in Sources */,
			);
			runOnlyForDeploymentPostprocessing = 0;
		};
		F9EA52BF1E6DC7C500F8EBC6 /* Sources */ = {
			isa = PBXSourcesBuildPhase;
			buildActionMask = 2147483647;
			files = (
				F9EA52C81E6DC7C500F8EBC6 /* MANetChatRUITests.swift in Sources */,
			);
			runOnlyForDeploymentPostprocessing = 0;
		};
/* End PBXSourcesBuildPhase section */

/* Begin PBXTargetDependency section */
		F9EA52BA1E6DC7C500F8EBC6 /* PBXTargetDependency */ = {
			isa = PBXTargetDependency;
			target = F9EA52A01E6DC7C300F8EBC6 /* MANetChatR */;
			targetProxy = F9EA52B91E6DC7C500F8EBC6 /* PBXContainerItemProxy */;
		};
		F9EA52C51E6DC7C500F8EBC6 /* PBXTargetDependency */ = {
			isa = PBXTargetDependency;
			target = F9EA52A01E6DC7C300F8EBC6 /* MANetChatR */;
			targetProxy = F9EA52C41E6DC7C500F8EBC6 /* PBXContainerItemProxy */;
		};
/* End PBXTargetDependency section */

/* Begin PBXVariantGroup section */
		F9EA52A81E6DC7C300F8EBC6 /* Main.storyboard */ = {
			isa = PBXVariantGroup;
			children = (
				F9EA52A91E6DC7C300F8EBC6 /* Base */,
			);
			name = Main.storyboard;
			sourceTree = "<group>";
		};
		F9EA52B01E6DC7C300F8EBC6 /* LaunchScreen.storyboard */ = {
			isa = PBXVariantGroup;
			children = (
				F9EA52B11E6DC7C300F8EBC6 /* Base */,
			);
			name = LaunchScreen.storyboard;
			sourceTree = "<group>";
		};
/* End PBXVariantGroup section */

/* Begin XCBuildConfiguration section */
		F9EA52CA1E6DC7C500F8EBC6 /* Debug */ = {
			isa = XCBuildConfiguration;
			buildSettings = {
				ALWAYS_SEARCH_USER_PATHS = NO;
				CLANG_ANALYZER_NONNULL = YES;
				CLANG_CXX_LANGUAGE_STANDARD = "gnu++0x";
				CLANG_CXX_LIBRARY = "libc++";
				CLANG_ENABLE_MODULES = YES;
				CLANG_ENABLE_OBJC_ARC = YES;
				CLANG_WARN_BOOL_CONVERSION = YES;
				CLANG_WARN_CONSTANT_CONVERSION = YES;
				CLANG_WARN_DIRECT_OBJC_ISA_USAGE = YES_ERROR;
				CLANG_WARN_DOCUMENTATION_COMMENTS = YES;
				CLANG_WARN_EMPTY_BODY = YES;
				CLANG_WARN_ENUM_CONVERSION = YES;
				CLANG_WARN_INFINITE_RECURSION = YES;
				CLANG_WARN_INT_CONVERSION = YES;
				CLANG_WARN_OBJC_ROOT_CLASS = YES_ERROR;
				CLANG_WARN_SUSPICIOUS_MOVE = YES;
				CLANG_WARN_UNREACHABLE_CODE = YES;
				CLANG_WARN__DUPLICATE_METHOD_MATCH = YES;
				"CODE_SIGN_IDENTITY[sdk=iphoneos*]" = "iPhone Developer";
				COPY_PHASE_STRIP = NO;
				DEBUG_INFORMATION_FORMAT = dwarf;
				ENABLE_STRICT_OBJC_MSGSEND = YES;
				ENABLE_TESTABILITY = YES;
				GCC_C_LANGUAGE_STANDARD = gnu99;
				GCC_DYNAMIC_NO_PIC = NO;
				GCC_NO_COMMON_BLOCKS = YES;
				GCC_OPTIMIZATION_LEVEL = 0;
				GCC_PREPROCESSOR_DEFINITIONS = (
					"DEBUG=1",
					"$(inherited)",
				);
				GCC_WARN_64_TO_32_BIT_CONVERSION = YES;
				GCC_WARN_ABOUT_RETURN_TYPE = YES_ERROR;
				GCC_WARN_UNDECLARED_SELECTOR = YES;
				GCC_WARN_UNINITIALIZED_AUTOS = YES_AGGRESSIVE;
				GCC_WARN_UNUSED_FUNCTION = YES;
				GCC_WARN_UNUSED_VARIABLE = YES;
				IPHONEOS_DEPLOYMENT_TARGET = 10.2;
				MTL_ENABLE_DEBUG_INFO = YES;
				ONLY_ACTIVE_ARCH = YES;
				SDKROOT = iphoneos;
				SWIFT_ACTIVE_COMPILATION_CONDITIONS = DEBUG;
				SWIFT_OPTIMIZATION_LEVEL = "-Onone";
				TARGETED_DEVICE_FAMILY = "1,2";
			};
			name = Debug;
		};
		F9EA52CB1E6DC7C500F8EBC6 /* Release */ = {
			isa = XCBuildConfiguration;
			buildSettings = {
				ALWAYS_SEARCH_USER_PATHS = NO;
				CLANG_ANALYZER_NONNULL = YES;
				CLANG_CXX_LANGUAGE_STANDARD = "gnu++0x";
				CLANG_CXX_LIBRARY = "libc++";
				CLANG_ENABLE_MODULES = YES;
				CLANG_ENABLE_OBJC_ARC = YES;
				CLANG_WARN_BOOL_CONVERSION = YES;
				CLANG_WARN_CONSTANT_CONVERSION = YES;
				CLANG_WARN_DIRECT_OBJC_ISA_USAGE = YES_ERROR;
				CLANG_WARN_DOCUMENTATION_COMMENTS = YES;
				CLANG_WARN_EMPTY_BODY = YES;
				CLANG_WARN_ENUM_CONVERSION = YES;
				CLANG_WARN_INFINITE_RECURSION = YES;
				CLANG_WARN_INT_CONVERSION = YES;
				CLANG_WARN_OBJC_ROOT_CLASS = YES_ERROR;
				CLANG_WARN_SUSPICIOUS_MOVE = YES;
				CLANG_WARN_UNREACHABLE_CODE = YES;
				CLANG_WARN__DUPLICATE_METHOD_MATCH = YES;
				"CODE_SIGN_IDENTITY[sdk=iphoneos*]" = "iPhone Developer";
				COPY_PHASE_STRIP = NO;
				DEBUG_INFORMATION_FORMAT = "dwarf-with-dsym";
				ENABLE_NS_ASSERTIONS = NO;
				ENABLE_STRICT_OBJC_MSGSEND = YES;
				GCC_C_LANGUAGE_STANDARD = gnu99;
				GCC_NO_COMMON_BLOCKS = YES;
				GCC_WARN_64_TO_32_BIT_CONVERSION = YES;
				GCC_WARN_ABOUT_RETURN_TYPE = YES_ERROR;
				GCC_WARN_UNDECLARED_SELECTOR = YES;
				GCC_WARN_UNINITIALIZED_AUTOS = YES_AGGRESSIVE;
				GCC_WARN_UNUSED_FUNCTION = YES;
				GCC_WARN_UNUSED_VARIABLE = YES;
				IPHONEOS_DEPLOYMENT_TARGET = 10.2;
				MTL_ENABLE_DEBUG_INFO = NO;
				SDKROOT = iphoneos;
				SWIFT_OPTIMIZATION_LEVEL = "-Owholemodule";
				TARGETED_DEVICE_FAMILY = "1,2";
				VALIDATE_PRODUCT = YES;
			};
			name = Release;
		};
		F9EA52CD1E6DC7C500F8EBC6 /* Debug */ = {
			isa = XCBuildConfiguration;
			baseConfigurationReference = C575DDC62229DE491C625F83 /* Pods-MANetChatR.debug.xcconfig */;
			buildSettings = {
				ASSETCATALOG_COMPILER_APPICON_NAME = AppIcon;
				CLANG_ENABLE_MODULES = YES;
				DEVELOPMENT_TEAM = DZ3FYPCUHX;
				INFOPLIST_FILE = MANetChatR/Info.plist;
				LD_RUNPATH_SEARCH_PATHS = "$(inherited) @executable_path/Frameworks";
				PRODUCT_BUNDLE_IDENTIFIER = kolathee.MANetChatR;
				PRODUCT_NAME = "$(TARGET_NAME)";
				SWIFT_OBJC_BRIDGING_HEADER = "MANetChatR/MANetChatR-Bridging-Header.h";
				SWIFT_OPTIMIZATION_LEVEL = "-Onone";
				SWIFT_VERSION = 3.0;
			};
			name = Debug;
		};
		F9EA52CE1E6DC7C500F8EBC6 /* Release */ = {
			isa = XCBuildConfiguration;
			baseConfigurationReference = 652BC5F48354D63DC66602D5 /* Pods-MANetChatR.release.xcconfig */;
			buildSettings = {
				ASSETCATALOG_COMPILER_APPICON_NAME = AppIcon;
				CLANG_ENABLE_MODULES = YES;
				DEVELOPMENT_TEAM = DZ3FYPCUHX;
				INFOPLIST_FILE = MANetChatR/Info.plist;
				LD_RUNPATH_SEARCH_PATHS = "$(inherited) @executable_path/Frameworks";
				PRODUCT_BUNDLE_IDENTIFIER = kolathee.MANetChatR;
				PRODUCT_NAME = "$(TARGET_NAME)";
				SWIFT_OBJC_BRIDGING_HEADER = "MANetChatR/MANetChatR-Bridging-Header.h";
				SWIFT_VERSION = 3.0;
			};
			name = Release;
		};
		F9EA52D01E6DC7C500F8EBC6 /* Debug */ = {
			isa = XCBuildConfiguration;
			baseConfigurationReference = 49375612BB16D9675EBA7270 /* Pods-MANetChatRTests.debug.xcconfig */;
			buildSettings = {
				ALWAYS_EMBED_SWIFT_STANDARD_LIBRARIES = YES;
				BUNDLE_LOADER = "$(TEST_HOST)";
				DEVELOPMENT_TEAM = DZ3FYPCUHX;
				INFOPLIST_FILE = MANetChatRTests/Info.plist;
				LD_RUNPATH_SEARCH_PATHS = "$(inherited) @executable_path/Frameworks @loader_path/Frameworks";
				PRODUCT_BUNDLE_IDENTIFIER = kolathee.MANetChatRTests;
				PRODUCT_NAME = "$(TARGET_NAME)";
				SWIFT_VERSION = 3.0;
				TEST_HOST = "$(BUILT_PRODUCTS_DIR)/MANetChatR.app/MANetChatR";
			};
			name = Debug;
		};
		F9EA52D11E6DC7C500F8EBC6 /* Release */ = {
			isa = XCBuildConfiguration;
			baseConfigurationReference = AAD6D3CD92CC75C5AC2AEB5C /* Pods-MANetChatRTests.release.xcconfig */;
			buildSettings = {
				ALWAYS_EMBED_SWIFT_STANDARD_LIBRARIES = YES;
				BUNDLE_LOADER = "$(TEST_HOST)";
				DEVELOPMENT_TEAM = DZ3FYPCUHX;
				INFOPLIST_FILE = MANetChatRTests/Info.plist;
				LD_RUNPATH_SEARCH_PATHS = "$(inherited) @executable_path/Frameworks @loader_path/Frameworks";
				PRODUCT_BUNDLE_IDENTIFIER = kolathee.MANetChatRTests;
				PRODUCT_NAME = "$(TARGET_NAME)";
				SWIFT_VERSION = 3.0;
				TEST_HOST = "$(BUILT_PRODUCTS_DIR)/MANetChatR.app/MANetChatR";
			};
			name = Release;
		};
		F9EA52D31E6DC7C500F8EBC6 /* Debug */ = {
			isa = XCBuildConfiguration;
			baseConfigurationReference = AB92683275F69FF8F9211716 /* Pods-MANetChatRUITests.debug.xcconfig */;
			buildSettings = {
				ALWAYS_EMBED_SWIFT_STANDARD_LIBRARIES = YES;
				DEVELOPMENT_TEAM = DZ3FYPCUHX;
				INFOPLIST_FILE = MANetChatRUITests/Info.plist;
				LD_RUNPATH_SEARCH_PATHS = "$(inherited) @executable_path/Frameworks @loader_path/Frameworks";
				PRODUCT_BUNDLE_IDENTIFIER = kolathee.MANetChatRUITests;
				PRODUCT_NAME = "$(TARGET_NAME)";
				SWIFT_VERSION = 3.0;
				TEST_TARGET_NAME = MANetChatR;
			};
			name = Debug;
		};
		F9EA52D41E6DC7C500F8EBC6 /* Release */ = {
			isa = XCBuildConfiguration;
			baseConfigurationReference = 45909984840F0B2398B8269A /* Pods-MANetChatRUITests.release.xcconfig */;
			buildSettings = {
				ALWAYS_EMBED_SWIFT_STANDARD_LIBRARIES = YES;
				DEVELOPMENT_TEAM = DZ3FYPCUHX;
				INFOPLIST_FILE = MANetChatRUITests/Info.plist;
				LD_RUNPATH_SEARCH_PATHS = "$(inherited) @executable_path/Frameworks @loader_path/Frameworks";
				PRODUCT_BUNDLE_IDENTIFIER = kolathee.MANetChatRUITests;
				PRODUCT_NAME = "$(TARGET_NAME)";
				SWIFT_VERSION = 3.0;
				TEST_TARGET_NAME = MANetChatR;
			};
			name = Release;
		};
/* End XCBuildConfiguration section */

/* Begin XCConfigurationList section */
		F9EA529C1E6DC7C300F8EBC6 /* Build configuration list for PBXProject "MANetChatR" */ = {
			isa = XCConfigurationList;
			buildConfigurations = (
				F9EA52CA1E6DC7C500F8EBC6 /* Debug */,
				F9EA52CB1E6DC7C500F8EBC6 /* Release */,
			);
			defaultConfigurationIsVisible = 0;
			defaultConfigurationName = Release;
		};
		F9EA52CC1E6DC7C500F8EBC6 /* Build configuration list for PBXNativeTarget "MANetChatR" */ = {
			isa = XCConfigurationList;
			buildConfigurations = (
				F9EA52CD1E6DC7C500F8EBC6 /* Debug */,
				F9EA52CE1E6DC7C500F8EBC6 /* Release */,
			);
			defaultConfigurationIsVisible = 0;
			defaultConfigurationName = Release;
		};
		F9EA52CF1E6DC7C500F8EBC6 /* Build configuration list for PBXNativeTarget "MANetChatRTests" */ = {
			isa = XCConfigurationList;
			buildConfigurations = (
				F9EA52D01E6DC7C500F8EBC6 /* Debug */,
				F9EA52D11E6DC7C500F8EBC6 /* Release */,
			);
			defaultConfigurationIsVisible = 0;
			defaultConfigurationName = Release;
		};
		F9EA52D21E6DC7C500F8EBC6 /* Build configuration list for PBXNativeTarget "MANetChatRUITests" */ = {
			isa = XCConfigurationList;
			buildConfigurations = (
				F9EA52D31E6DC7C500F8EBC6 /* Debug */,
				F9EA52D41E6DC7C500F8EBC6 /* Release */,
			);
			defaultConfigurationIsVisible = 0;
			defaultConfigurationName = Release;
		};
/* End XCConfigurationList section */

/* Begin XCVersionGroup section */
		F9EA52AB1E6DC7C300F8EBC6 /* MANetChatR.xcdatamodeld */ = {
			isa = XCVersionGroup;
			children = (
				F9EA52AC1E6DC7C300F8EBC6 /* MANetChatR.xcdatamodel */,
			);
			currentVersion = F9EA52AC1E6DC7C300F8EBC6 /* MANetChatR.xcdatamodel */;
			path = MANetChatR.xcdatamodeld;
			sourceTree = "<group>";
			versionGroupType = wrapper.xcdatamodel;
		};
/* End XCVersionGroup section */
	};
	rootObject = F9EA52991E6DC7C300F8EBC6 /* Project object */;
}
